
Microsoft Visual Studio Solution File, Format Version 12.00
# Visual Studio Version 16
VisualStudioVersion = 16.0.31112.23
MinimumVisualStudioVersion = 10.0.40219.1
Project("{8BC9CEB8-8B4A-11D0-8D11-00A0C91BC942}") = "task03", "task03\task03.vcxproj", "{1B411E72-70BA-4FBD-A0E8-CD2056F4022D}"
EndProject
Global
	GlobalSection(SolutionConfigurationPlatforms) = preSolution
		Debug|x64 = Debug|x64
		Debug|x86 = Debug|x86
		Release|x64 = Release|x64
		Release|x86 = Release|x86
	EndGlobalSection
	GlobalSection(ProjectConfigurationPlatforms) = postSolution
		{1B411E72-70BA-4FBD-A0E8-CD2056F4022D}.Debug|x64.ActiveCfg = Debug|x64
		{1B411E72-70BA-4FBD-A0E8-CD2056F4022D}.Debug|x64.Build.0 = Debug|x64
		{1B411E72-70BA-4FBD-A0E8-CD2056F4022D}.Debug|x86.ActiveCfg = Debug|Win32
		{1B411E72-70BA-4FBD-A0E8-CD2056F4022D}.Debug|x86.Build.0 = Debug|Win32
		{1B411E72-70BA-4FBD-A0E8-CD2056F4022D}.Release|x64.ActiveCfg = Release|x64
		{1B411E72-70BA-4FBD-A0E8-CD2056F4022D}.Release|x64.Build.0 = Release|x64
		{1B411E72-70BA-4FBD-A0E8-CD2056F4022D}.Release|x86.ActiveCfg = Release|Win32
		{1B411E72-70BA-4FBD-A0E8-CD2056F4022D}.Release|x86.Build.0 = Release|Win32
	EndGlobalSection
	GlobalSection(SolutionProperties) = preSolution
		HideSolutionNode = FALSE
	EndGlobalSection
	GlobalSection(ExtensibilityGlobals) = postSolution
		SolutionGuid = {06E15579-D67D-4E61-AD3F-A84D509B1A68}
	EndGlobalSection
EndGlobal
