
Microsoft Visual Studio Solution File, Format Version 12.00
# Visual Studio Version 16
VisualStudioVersion = 16.0.31112.23
MinimumVisualStudioVersion = 10.0.40219.1
Project("{8BC9CEB8-8B4A-11D0-8D11-00A0C91BC942}") = "task07", "task07\task07.vcxproj", "{6E8D424C-C630-44B8-9FAB-7BF9AE4516C3}"
EndProject
Global
	GlobalSection(SolutionConfigurationPlatforms) = preSolution
		Debug|x64 = Debug|x64
		Debug|x86 = Debug|x86
		Release|x64 = Release|x64
		Release|x86 = Release|x86
	EndGlobalSection
	GlobalSection(ProjectConfigurationPlatforms) = postSolution
		{6E8D424C-C630-44B8-9FAB-7BF9AE4516C3}.Debug|x64.ActiveCfg = Debug|x64
		{6E8D424C-C630-44B8-9FAB-7BF9AE4516C3}.Debug|x64.Build.0 = Debug|x64
		{6E8D424C-C630-44B8-9FAB-7BF9AE4516C3}.Debug|x86.ActiveCfg = Debug|Win32
		{6E8D424C-C630-44B8-9FAB-7BF9AE4516C3}.Debug|x86.Build.0 = Debug|Win32
		{6E8D424C-C630-44B8-9FAB-7BF9AE4516C3}.Release|x64.ActiveCfg = Release|x64
		{6E8D424C-C630-44B8-9FAB-7BF9AE4516C3}.Release|x64.Build.0 = Release|x64
		{6E8D424C-C630-44B8-9FAB-7BF9AE4516C3}.Release|x86.ActiveCfg = Release|Win32
		{6E8D424C-C630-44B8-9FAB-7BF9AE4516C3}.Release|x86.Build.0 = Release|Win32
	EndGlobalSection
	GlobalSection(SolutionProperties) = preSolution
		HideSolutionNode = FALSE
	EndGlobalSection
	GlobalSection(ExtensibilityGlobals) = postSolution
		SolutionGuid = {D4D78D63-FFF5-4472-A85C-C204FDA1793C}
	EndGlobalSection
EndGlobal
