
Microsoft Visual Studio Solution File, Format Version 12.00
# Visual Studio Version 16
VisualStudioVersion = 16.0.31112.23
MinimumVisualStudioVersion = 10.0.40219.1
Project("{8BC9CEB8-8B4A-11D0-8D11-00A0C91BC942}") = "task02", "task02\task02.vcxproj", "{7EF5734A-5184-416B-BECE-09B117065F98}"
EndProject
Global
	GlobalSection(SolutionConfigurationPlatforms) = preSolution
		Debug|x64 = Debug|x64
		Debug|x86 = Debug|x86
		Release|x64 = Release|x64
		Release|x86 = Release|x86
	EndGlobalSection
	GlobalSection(ProjectConfigurationPlatforms) = postSolution
		{7EF5734A-5184-416B-BECE-09B117065F98}.Debug|x64.ActiveCfg = Debug|x64
		{7EF5734A-5184-416B-BECE-09B117065F98}.Debug|x64.Build.0 = Debug|x64
		{7EF5734A-5184-416B-BECE-09B117065F98}.Debug|x86.ActiveCfg = Debug|Win32
		{7EF5734A-5184-416B-BECE-09B117065F98}.Debug|x86.Build.0 = Debug|Win32
		{7EF5734A-5184-416B-BECE-09B117065F98}.Release|x64.ActiveCfg = Release|x64
		{7EF5734A-5184-416B-BECE-09B117065F98}.Release|x64.Build.0 = Release|x64
		{7EF5734A-5184-416B-BECE-09B117065F98}.Release|x86.ActiveCfg = Release|Win32
		{7EF5734A-5184-416B-BECE-09B117065F98}.Release|x86.Build.0 = Release|Win32
	EndGlobalSection
	GlobalSection(SolutionProperties) = preSolution
		HideSolutionNode = FALSE
	EndGlobalSection
	GlobalSection(ExtensibilityGlobals) = postSolution
		SolutionGuid = {C33D39A3-2D10-43D1-ADBE-A314B99A6D06}
	EndGlobalSection
EndGlobal
